
Microsoft Visual Studio Solution File, Format Version 12.00
# Visual Studio Version 17
VisualStudioVersion = 17.10.34916.146
MinimumVisualStudioVersion = 10.0.40219.1
Project("{FAE04EC0-301F-11D3-BF4B-00C04F79EFBC}") = "RDK2_Visualisation_GUI", "RDK2_Visualisation_GUI.csproj", "{4876C06C-6AF2-43E4-997C-96BC581DDAC0}"
EndProject
Global
	GlobalSection(SolutionConfigurationPlatforms) = preSolution
		Debug|Any CPU = Debug|Any CPU
		Release|Any CPU = Release|Any CPU
	EndGlobalSection
	GlobalSection(ProjectConfigurationPlatforms) = postSolution
		{4876C06C-6AF2-43E4-997C-96BC581DDAC0}.Debug|Any CPU.ActiveCfg = Debug|Any CPU
		{4876C06C-6AF2-43E4-997C-96BC581DDAC0}.Debug|Any CPU.Build.0 = Debug|Any CPU
		{4876C06C-6AF2-43E4-997C-96BC581DDAC0}.Release|Any CPU.ActiveCfg = Release|Any CPU
		{4876C06C-6AF2-43E4-997C-96BC581DDAC0}.Release|Any CPU.Build.0 = Release|Any CPU
	EndGlobalSection
	GlobalSection(SolutionProperties) = preSolution
		HideSolutionNode = FALSE
	EndGlobalSection
	GlobalSection(ExtensibilityGlobals) = postSolution
		SolutionGuid = {733BDD4C-3FBD-4D01-836D-8C35393C9A0A}
	EndGlobalSection
EndGlobal
